{
  "requires": true,
  "lockfileVersion": 1,
  "dependencies": {
    "acamilo-palindrome": {
      "version": "0.1.0",
      "resolved": "https://registry.npmjs.org/acamilo-palindrome/-/acamilo-palindrome-0.1.0.tgz",
      "integrity": "sha512-dAREW62vPVOu4FDhn3LD5MwnHLtAuzVJ9Q03FCjp0s1g+QibDj3IwTpcxQ7D54EhbEBB0/OAn+SC4LiXG8XcZw=="
    }
  }
}
